{
  "name": "cc-proxy",
  "version": "0.1.0",
  "lockfileVersion": 3,
  "requires": true,
  "packages": {
    "": {
      "name": "cc-proxy",
      "version": "0.1.0",
      "dependencies": {
        "@anthropic-ai/claude-code": "^2.1.173",
        "node-pty": "^1.1.0"
      },
      "devDependencies": {
        "@types/node": "^22.0.0",
        "typescript": "^5.7.0"
      }
    },
    "node_modules/@anthropic-ai/claude-code": {
      "version": "2.1.173",
      "resolved": "https://registry.npmjs.org/@anthropic-ai/claude-code/-/claude-code-2.1.173.tgz",
      "integrity": "sha512-bivKe/lhaK908Is16AG5xXWxwOtDhvJ46/u7U2j4xxQOhM3jC/4TikD4jJFRNZaeY8jjaReklhFg/aoXRd5vIg==",
      "hasInstallScript": true,
      "license": "SEE LICENSE IN README.md",
      "bin": {
        "claude": "bin/claude.exe"
      },
      "engines": {
        "node": ">=18.0.0"
      },
      "optionalDependencies": {
        "@anthropic-ai/claude-code-darwin-arm64": "2.1.173",
        "@anthropic-ai/claude-code-darwin-x64": "2.1.173",
        "@anthropic-ai/claude-code-linux-arm64": "2.1.173",
        "@anthropic-ai/claude-code-linux-arm64-musl": "2.1.173",
        "@anthropic-ai/claude-code-linux-x64": "2.1.173",
        "@anthropic-ai/claude-code-linux-x64-musl": "2.1.173",
        "@anthropic-ai/claude-code-win32-arm64": "2.1.173",
        "@anthropic-ai/claude-code-win32-x64": "2.1.173"
      }
    },
    "node_modules/@anthropic-ai/claude-code-darwin-arm64": {
      "version": "2.1.173",
      "resolved": "https://registry.npmjs.org/@anthropic-ai/claude-code-darwin-arm64/-/claude-code-darwin-arm64-2.1.173.tgz",
      "integrity": "sha512-OSigC9K7UvkJFZIK9GEVT54GaTYUa59BhS26m/m+TdAaEMErKUqyv1v3Y6Su3jQcGU2J5voiLRXPd2gne5PdHw==",
      "cpu": [
        "arm64"
      ],
      "license": "SEE LICENSE IN LICENSE.md",
      "optional": true,
      "os": [
        "darwin"
      ]
    },
    "node_modules/@anthropic-ai/claude-code-darwin-x64": {
      "version": "2.1.173",
      "resolved": "https://registry.npmjs.org/@anthropic-ai/claude-code-darwin-x64/-/claude-code-darwin-x64-2.1.173.tgz",
      "integrity": "sha512-lLpWIKqWv6k9Uj2bpd8+E4WNcTGLdvvbXOvZxfBTF46NS5Wx3VgJhCPNg5v0hI+ok62nYMwUaqXDd0ctEaI6pA==",
      "cpu": [
        "x64"
      ],
      "license": "SEE LICENSE IN LICENSE.md",
      "optional": true,
      "os": [
        "darwin"
      ]
    },
    "node_modules/@anthropic-ai/claude-code-linux-arm64": {
      "version": "2.1.173",
      "resolved": "https://registry.npmjs.org/@anthropic-ai/claude-code-linux-arm64/-/claude-code-linux-arm64-2.1.173.tgz",
      "integrity": "sha512-yxZ0QP9HXw6hT8Cyy7pCgQJI4eGj04fo1DNN1Iuvjl3vb6rQm0IfX65ckQwkuX2Sz1o2MuPxBdPsaNLYo7O0LQ==",
      "cpu": [
        "arm64"
      ],
      "license": "SEE LICENSE IN LICENSE.md",
      "optional": true,
      "os": [
        "linux"
      ]
    },
    "node_modules/@anthropic-ai/claude-code-linux-arm64-musl": {
      "version": "2.1.173",
      "resolved": "https://registry.npmjs.org/@anthropic-ai/claude-code-linux-arm64-musl/-/claude-code-linux-arm64-musl-2.1.173.tgz",
      "integrity": "sha512-TqBZHiojHw7rGNrYcfuAgCpYhiHLGPk4xJCttNYuK5OHc5ROOJmuY+B/HpHKaW7UIOJNjIYL3qPrbkQ1stIplA==",
      "cpu": [
        "arm64"
      ],
      "license": "SEE LICENSE IN LICENSE.md",
      "optional": true,
      "os": [
        "linux"
      ]
    },
    "node_modules/@anthropic-ai/claude-code-linux-x64": {
      "version": "2.1.173",
      "resolved": "https://registry.npmjs.org/@anthropic-ai/claude-code-linux-x64/-/claude-code-linux-x64-2.1.173.tgz",
      "integrity": "sha512-DRAW6QUAuKlkXlwXsZH1Hiau5qtrFdd9JucZlxbO6PtvKisH0XTv0l/8EGYkSN/1IiVuu5titKGQC99yazxkAw==",
      "cpu": [
        "x64"
      ],
      "license": "SEE LICENSE IN LICENSE.md",
      "optional": true,
      "os": [
        "linux"
      ]
    },
    "node_modules/@anthropic-ai/claude-code-linux-x64-musl": {
      "version": "2.1.173",
      "resolved": "https://registry.npmjs.org/@anthropic-ai/claude-code-linux-x64-musl/-/claude-code-linux-x64-musl-2.1.173.tgz",
      "integrity": "sha512-dXJLKlaOs+i/+W9Pl58MfqHF2wnTLYC60UcjhOa5Rqv56CbqyLSoGZ5CDbIipJc405vAXsBYjB7S6Kwyye75Kg==",
      "cpu": [
        "x64"
      ],
      "license": "SEE LICENSE IN LICENSE.md",
      "optional": true,
      "os": [
        "linux"
      ]
    },
    "node_modules/@anthropic-ai/claude-code-win32-arm64": {
      "version": "2.1.173",
      "resolved": "https://registry.npmjs.org/@anthropic-ai/claude-code-win32-arm64/-/claude-code-win32-arm64-2.1.173.tgz",
      "integrity": "sha512-VkiMFsvPbZsA1gW/fQmSjXhLMGz4OaIpPYXLZivmXlIGSmzAMLDCoEAWz67o3q5T4IzG6bCO94Pbl0burMf+Fw==",
      "cpu": [
        "arm64"
      ],
      "license": "SEE LICENSE IN LICENSE.md",
      "optional": true,
      "os": [
        "win32"
      ]
    },
    "node_modules/@anthropic-ai/claude-code-win32-x64": {
      "version": "2.1.173",
      "resolved": "https://registry.npmjs.org/@anthropic-ai/claude-code-win32-x64/-/claude-code-win32-x64-2.1.173.tgz",
      "integrity": "sha512-KLPbApMl8wpN76Vn3l4ZPXyuL9incHELY80sivIPqmZwJv9uKTYv5gwoDvGWuRj5R8tkftzcijbPh5K0fPmeJg==",
      "cpu": [
        "x64"
      ],
      "license": "SEE LICENSE IN LICENSE.md",
      "optional": true,
      "os": [
        "win32"
      ]
    },
    "node_modules/@types/node": {
      "version": "22.19.21",
      "resolved": "https://registry.npmjs.org/@types/node/-/node-22.19.21.tgz",
      "integrity": "sha512-VMeFBSCKQKmm2swI2kW51SFusDqekC6q9trBCvJ/JliDchFSuoYYKN7yVNjPthP1HKZcx3U1gI/wTcEBjEFKTA==",
      "dev": true,
      "license": "MIT",
      "dependencies": {
        "undici-types": "~6.21.0"
      }
    },
    "node_modules/node-addon-api": {
      "version": "7.1.1",
      "resolved": "https://registry.npmjs.org/node-addon-api/-/node-addon-api-7.1.1.tgz",
      "integrity": "sha512-5m3bsyrjFWE1xf7nz7YXdN4udnVtXK6/Yfgn5qnahL6bCkf2yKt4k3nuTKAtT4r3IG8JNR2ncsIMdZuAzJjHQQ==",
      "license": "MIT"
    },
    "node_modules/node-pty": {
      "version": "1.1.0",
      "resolved": "https://registry.npmjs.org/node-pty/-/node-pty-1.1.0.tgz",
      "integrity": "sha512-20JqtutY6JPXTUnL0ij1uad7Qe1baT46lyolh2sSENDd4sTzKZ4nmAFkeAARDKwmlLjPx6XKRlwRUxwjOy+lUg==",
      "hasInstallScript": true,
      "license": "MIT",
      "dependencies": {
        "node-addon-api": "^7.1.0"
      }
    },
    "node_modules/typescript": {
      "version": "5.9.3",
      "resolved": "https://registry.npmjs.org/typescript/-/typescript-5.9.3.tgz",
      "integrity": "sha512-jl1vZzPDinLr9eUt3J/t7V6FgNEw9QjvBPdysz9KfQDD41fQrC2Y4vKQdiaUpFT4bXlb1RHhLpp8wtm6M5TgSw==",
      "dev": true,
      "license": "Apache-2.0",
      "bin": {
        "tsc": "bin/tsc",
        "tsserver": "bin/tsserver"
      },
      "engines": {
        "node": ">=14.17"
      }
    },
    "node_modules/undici-types": {
      "version": "6.21.0",
      "resolved": "https://registry.npmjs.org/undici-types/-/undici-types-6.21.0.tgz",
      "integrity": "sha512-iwDZqg0QAGrg9Rav5H4n0M64c3mkR59cJ6wQp+7C4nI0gsmExaedaYLNO44eT4AtBBwjbTiGPMlt2Md0T9H9JQ==",
      "dev": true,
      "license": "MIT"
    }
  }
}
